
Microsoft Visual Studio Solution File, Format Version 12.00
# Visual Studio Version 17
VisualStudioVersion = 17.8.34511.84
MinimumVisualStudioVersion = 10.0.40219.1
Project("{FAE04EC0-301F-11D3-BF4B-00C04F79EFBC}") = "lab-1", "lab-1\lab-1.csproj", "{0EA9B6E0-3AD7-4DFC-B536-E13E4F41A9A3}"
EndProject
Global
	GlobalSection(SolutionConfigurationPlatforms) = preSolution
		Debug|Any CPU = Debug|Any CPU
		Release|Any CPU = Release|Any CPU
	EndGlobalSection
	GlobalSection(ProjectConfigurationPlatforms) = postSolution
		{0EA9B6E0-3AD7-4DFC-B536-E13E4F41A9A3}.Debug|Any CPU.ActiveCfg = Debug|Any CPU
		{0EA9B6E0-3AD7-4DFC-B536-E13E4F41A9A3}.Debug|Any CPU.Build.0 = Debug|Any CPU
		{0EA9B6E0-3AD7-4DFC-B536-E13E4F41A9A3}.Release|Any CPU.ActiveCfg = Release|Any CPU
		{0EA9B6E0-3AD7-4DFC-B536-E13E4F41A9A3}.Release|Any CPU.Build.0 = Release|Any CPU
	EndGlobalSection
	GlobalSection(SolutionProperties) = preSolution
		HideSolutionNode = FALSE
	EndGlobalSection
	GlobalSection(ExtensibilityGlobals) = postSolution
		SolutionGuid = {2FBC5DA8-19DC-41BD-944C-46EE1C3DB6C8}
	EndGlobalSection
EndGlobal
